{
  "requires": true,
  "lockfileVersion": 1,
  "dependencies": {
    "emailjs-addressparser": {
      "version": "1.0.1",
      "resolved": "https://registry.npmjs.org/emailjs-addressparser/-/emailjs-addressparser-1.0.1.tgz",
      "integrity": "sha1-ixmzj27me6F2oxqX9FZ43BLlSc8="
    },
    "emailjs-imap-client": {
      "version": "2.1.0",
      "resolved": "https://registry.npmjs.org/emailjs-imap-client/-/emailjs-imap-client-2.1.0.tgz",
      "integrity": "sha512-2jRehoofgXiyQSQ5OrayzktEIKhNxMIgV2JvkZ3Qo+rLdNdJKmmD6EndG+fsV8RJv8nfjTXjoFxt0I7pWb6Q0A==",
      "requires": {
        "emailjs-addressparser": "1.0.1",
        "emailjs-imap-handler": "2.1.0",
        "emailjs-mime-codec": "1.0.4",
        "emailjs-tcp-socket": "1.0.2",
        "emailjs-utf7": "3.0.1"
      }
    },
    "emailjs-imap-handler": {
      "version": "2.1.0",
      "resolved": "https://registry.npmjs.org/emailjs-imap-handler/-/emailjs-imap-handler-2.1.0.tgz",
      "integrity": "sha512-ZaDEzAJKwNoUPa3eY0Ae/iz2GvZF5hGVglk3VIYaxsZGDgC0Og3WfleWuY43s69xCtmkORpX0iqdI6W2/AU61g=="
    },
    "emailjs-mime-codec": {
      "version": "1.0.4",
      "resolved": "https://registry.npmjs.org/emailjs-mime-codec/-/emailjs-mime-codec-1.0.4.tgz",
      "integrity": "sha512-udqyv2W/9pl8HWpm9QlJz2CeQnHNizalAvqh/Peiyp4xUb4rWCR+RDMCxLDx//lpFRx0/6+ZJNx698vmISCt6g==",
      "requires": {
        "emailjs-stringencoding": "1.0.1"
      }
    },
    "emailjs-stringencoding": {
      "version": "1.0.1",
      "resolved": "https://registry.npmjs.org/emailjs-stringencoding/-/emailjs-stringencoding-1.0.1.tgz",
      "integrity": "sha1-sqGU4PTJagR+b9XBYN65PlwB75s="
    },
    "emailjs-tcp-socket": {
      "version": "1.0.2",
      "resolved": "https://registry.npmjs.org/emailjs-tcp-socket/-/emailjs-tcp-socket-1.0.2.tgz",
      "integrity": "sha1-rLkJKb8ZTXy0PV1vRlcmpNiuBIk=",
      "requires": {
        "node-forge": "0.6.49"
      }
    },
    "emailjs-utf7": {
      "version": "3.0.1",
      "resolved": "https://registry.npmjs.org/emailjs-utf7/-/emailjs-utf7-3.0.1.tgz",
      "integrity": "sha1-fT90SyZIR7lyw2DserTA2h8ULOw="
    },
    "figlet": {
      "version": "1.2.0",
      "resolved": "https://registry.npmjs.org/figlet/-/figlet-1.2.0.tgz",
      "integrity": "sha1-bEZTc3j6tkkUa1phQ92gGbQwtBA="
    },
    "node-datetime": {
      "version": "2.0.3",
      "resolved": "https://registry.npmjs.org/node-datetime/-/node-datetime-2.0.3.tgz",
      "integrity": "sha1-/eFod7mRkCySNPl+1M3K/qwIcxA="
    },
    "node-forge": {
      "version": "0.6.49",
      "resolved": "https://registry.npmjs.org/node-forge/-/node-forge-0.6.49.tgz",
      "integrity": "sha1-8e6V1ddGI5OP4Z1piqWibVTS9g8="
    },
    "node-uuid": {
      "version": "https://registry.npmjs.org/node-uuid/-/node-uuid-1.4.8.tgz",
      "integrity": "sha1-sEDrCSOWivq/jTL7HxfxFn/auQc="
    },
    "readline-sync": {
      "version": "1.4.7",
      "resolved": "https://registry.npmjs.org/readline-sync/-/readline-sync-1.4.7.tgz",
      "integrity": "sha1-ABv91MBhEMPAhMY798alYCIhPzA="
    }
  }
}
